
Microsoft Visual Studio Solution File, Format Version 12.00
# Visual Studio Version 16
VisualStudioVersion = 25.0.1704.5
MinimumVisualStudioVersion = 10.0.40219.1
Project("{FAE04EC0-301F-11D3-BF4B-00C04F79EFBC}") = "CMP1903M_A01_2223", "CMP1903M_A01_2223\CMP1903M_A01_2223.csproj", "{03E75B61-4B87-4B0A-B0FE-A1613E88A758}"
EndProject
Global
	GlobalSection(SolutionConfigurationPlatforms) = preSolution
		Debug|Any CPU = Debug|Any CPU
		Release|Any CPU = Release|Any CPU
	EndGlobalSection
	GlobalSection(ProjectConfigurationPlatforms) = postSolution
		{03E75B61-4B87-4B0A-B0FE-A1613E88A758}.Debug|Any CPU.ActiveCfg = Debug|Any CPU
		{03E75B61-4B87-4B0A-B0FE-A1613E88A758}.Debug|Any CPU.Build.0 = Debug|Any CPU
		{03E75B61-4B87-4B0A-B0FE-A1613E88A758}.Release|Any CPU.ActiveCfg = Release|Any CPU
		{03E75B61-4B87-4B0A-B0FE-A1613E88A758}.Release|Any CPU.Build.0 = Release|Any CPU
	EndGlobalSection
	GlobalSection(SolutionProperties) = preSolution
		HideSolutionNode = FALSE
	EndGlobalSection
	GlobalSection(ExtensibilityGlobals) = postSolution
		SolutionGuid = {79AC906C-EB03-483E-8065-BC9CC04F2886}
	EndGlobalSection
EndGlobal
